
Microsoft Visual Studio Solution File, Format Version 12.00
# Visual Studio Version 17
VisualStudioVersion = 17.14.36623.8 d17.14
MinimumVisualStudioVersion = 10.0.40219.1
Project("{FAE04EC0-301F-11D3-BF4B-00C04F79EFBC}") = "LinqJoining", "LinqJoining.csproj", "{BD97F284-6776-4457-8768-5BE4D710D0A7}"
EndProject
Global
	GlobalSection(SolutionConfigurationPlatforms) = preSolution
		Debug|Any CPU = Debug|Any CPU
		Release|Any CPU = Release|Any CPU
	EndGlobalSection
	GlobalSection(ProjectConfigurationPlatforms) = postSolution
		{BD97F284-6776-4457-8768-5BE4D710D0A7}.Debug|Any CPU.ActiveCfg = Debug|Any CPU
		{BD97F284-6776-4457-8768-5BE4D710D0A7}.Debug|Any CPU.Build.0 = Debug|Any CPU
		{BD97F284-6776-4457-8768-5BE4D710D0A7}.Release|Any CPU.ActiveCfg = Release|Any CPU
		{BD97F284-6776-4457-8768-5BE4D710D0A7}.Release|Any CPU.Build.0 = Release|Any CPU
	EndGlobalSection
	GlobalSection(SolutionProperties) = preSolution
		HideSolutionNode = FALSE
	EndGlobalSection
	GlobalSection(ExtensibilityGlobals) = postSolution
		SolutionGuid = {78F17A3C-818A-4E5F-9BC5-4BF79036ED58}
	EndGlobalSection
EndGlobal
